
Microsoft Visual Studio Solution File, Format Version 12.00
# Visual Studio 15
VisualStudioVersion = 15.0.26124.0
MinimumVisualStudioVersion = 15.0.26124.0
Project("{2150E333-8FDC-42A3-9474-1A3956D46DE8}") = "src", "src", "{F40E0259-90CC-4AEC-9549-F52EB302EC39}"
EndProject
Project("{FAE04EC0-301F-11D3-BF4B-00C04F79EFBC}") = "GradeBook", "src\GradeBook\GradeBook.csproj", "{CA8AD5CD-2E34-4EE2-8140-6F4102B57869}"
EndProject
Project("{2150E333-8FDC-42A3-9474-1A3956D46DE8}") = "test", "test", "{ED728372-A9EB-456F-99D3-9381E194DE70}"
EndProject
Project("{FAE04EC0-301F-11D3-BF4B-00C04F79EFBC}") = "GradeBook.Tests", "test\GradeBook.Tests\GradeBook.Tests.csproj", "{A20D4FA3-A146-4524-B307-443E94E167D4}"
EndProject
Global
	GlobalSection(SolutionConfigurationPlatforms) = preSolution
		Debug|Any CPU = Debug|Any CPU
		Debug|x64 = Debug|x64
		Debug|x86 = Debug|x86
		Release|Any CPU = Release|Any CPU
		Release|x64 = Release|x64
		Release|x86 = Release|x86
	EndGlobalSection
	GlobalSection(SolutionProperties) = preSolution
		HideSolutionNode = FALSE
	EndGlobalSection
	GlobalSection(ProjectConfigurationPlatforms) = postSolution
		{CA8AD5CD-2E34-4EE2-8140-6F4102B57869}.Debug|Any CPU.ActiveCfg = Debug|Any CPU
		{CA8AD5CD-2E34-4EE2-8140-6F4102B57869}.Debug|Any CPU.Build.0 = Debug|Any CPU
		{CA8AD5CD-2E34-4EE2-8140-6F4102B57869}.Debug|x64.ActiveCfg = Debug|Any CPU
		{CA8AD5CD-2E34-4EE2-8140-6F4102B57869}.Debug|x64.Build.0 = Debug|Any CPU
		{CA8AD5CD-2E34-4EE2-8140-6F4102B57869}.Debug|x86.ActiveCfg = Debug|Any CPU
		{CA8AD5CD-2E34-4EE2-8140-6F4102B57869}.Debug|x86.Build.0 = Debug|Any CPU
		{CA8AD5CD-2E34-4EE2-8140-6F4102B57869}.Release|Any CPU.ActiveCfg = Release|Any CPU
		{CA8AD5CD-2E34-4EE2-8140-6F4102B57869}.Release|Any CPU.Build.0 = Release|Any CPU
		{CA8AD5CD-2E34-4EE2-8140-6F4102B57869}.Release|x64.ActiveCfg = Release|Any CPU
		{CA8AD5CD-2E34-4EE2-8140-6F4102B57869}.Release|x64.Build.0 = Release|Any CPU
		{CA8AD5CD-2E34-4EE2-8140-6F4102B57869}.Release|x86.ActiveCfg = Release|Any CPU
		{CA8AD5CD-2E34-4EE2-8140-6F4102B57869}.Release|x86.Build.0 = Release|Any CPU
		{A20D4FA3-A146-4524-B307-443E94E167D4}.Debug|Any CPU.ActiveCfg = Debug|Any CPU
		{A20D4FA3-A146-4524-B307-443E94E167D4}.Debug|Any CPU.Build.0 = Debug|Any CPU
		{A20D4FA3-A146-4524-B307-443E94E167D4}.Debug|x64.ActiveCfg = Debug|Any CPU
		{A20D4FA3-A146-4524-B307-443E94E167D4}.Debug|x64.Build.0 = Debug|Any CPU
		{A20D4FA3-A146-4524-B307-443E94E167D4}.Debug|x86.ActiveCfg = Debug|Any CPU
		{A20D4FA3-A146-4524-B307-443E94E167D4}.Debug|x86.Build.0 = Debug|Any CPU
		{A20D4FA3-A146-4524-B307-443E94E167D4}.Release|Any CPU.ActiveCfg = Release|Any CPU
		{A20D4FA3-A146-4524-B307-443E94E167D4}.Release|Any CPU.Build.0 = Release|Any CPU
		{A20D4FA3-A146-4524-B307-443E94E167D4}.Release|x64.ActiveCfg = Release|Any CPU
		{A20D4FA3-A146-4524-B307-443E94E167D4}.Release|x64.Build.0 = Release|Any CPU
		{A20D4FA3-A146-4524-B307-443E94E167D4}.Release|x86.ActiveCfg = Release|Any CPU
		{A20D4FA3-A146-4524-B307-443E94E167D4}.Release|x86.Build.0 = Release|Any CPU
	EndGlobalSection
	GlobalSection(NestedProjects) = preSolution
		{CA8AD5CD-2E34-4EE2-8140-6F4102B57869} = {F40E0259-90CC-4AEC-9549-F52EB302EC39}
		{A20D4FA3-A146-4524-B307-443E94E167D4} = {ED728372-A9EB-456F-99D3-9381E194DE70}
	EndGlobalSection
EndGlobal
